# THIS IS AN AUTOGENERATED FILE. DO NOT EDIT THIS FILE DIRECTLY.
# yarn lockfile v1


"@types/aws-lambda@^8.10.40":
  version "8.10.51"
  resolved "https://registry.yarnpkg.com/@types/aws-lambda/-/aws-lambda-8.10.51.tgz#7ad774507a3cf1d2e949ca305380c23b5af635a0"
  integrity sha512-XK7RerpXj4r+IO0r7qIeNqUSU6L4qhPMwNhISxozJJiUX/jdXj9WYzTShRVisEcUQHXgJ4TTBqTArM8f9Mjb8g==

"@types/node@^13.7.0":
  version "13.13.5"
  resolved "https://registry.yarnpkg.com/@types/node/-/node-13.13.5.tgz#96ec3b0afafd64a4ccea9107b75bf8489f0e5765"
  integrity sha512-3ySmiBYJPqgjiHA7oEaIo2Rzz0HrOZ7yrNO5HWyaE5q0lQ3BppDZ3N53Miz8bw2I7gh1/zir2MGVZBvpb1zq9g==

"@types/urijs@^1.19.5":
  version "1.19.8"
  resolved "https://registry.yarnpkg.com/@types/urijs/-/urijs-1.19.8.tgz#a66b2fd8b1d3cf3ef5bae7ca093b7d1b50e48c0a"
  integrity sha512-SVQd2Qq0oL+b8VtJbQyv0cMIdU7fbRDcg2JIpcBvv+GUayJ3c5Ll1K+iivZl6ifcI6NbYcwjqDjljDFSiSGOeA==

typescript@^3.7.5:
  version "3.8.3"
  resolved "https://registry.yarnpkg.com/typescript/-/typescript-3.8.3.tgz#409eb8544ea0335711205869ec458ab109ee1061"
  integrity sha512-MYlEfn5VrLNsgudQTVJeNaQFUAI7DkhnOjdpAp4T+ku1TfQClewlbSuTVHiA+8skNBgaf02TL/kLOvig4y3G8w==

urijs@^1.19.7:
  version "1.19.7"
  resolved "https://registry.yarnpkg.com/urijs/-/urijs-1.19.7.tgz#4f594e59113928fea63c00ce688fb395b1168ab9"
  integrity sha512-Id+IKjdU0Hx+7Zx717jwLPsPeUqz7rAtuVBRLLs+qn+J2nf9NGITWVCxcijgYxBqe83C7sqsQPs6H1pyz3x9gA==
